
Microsoft Visual Studio Solution File, Format Version 12.00
# Visual Studio Version 16
VisualStudioVersion = 16.0.31321.278
MinimumVisualStudioVersion = 10.0.40219.1
Project("{FAE04EC0-301F-11D3-BF4B-00C04F79EFBC}") = "GiTestProject", "GiTestProject.csproj", "{7F8B54CB-1958-40A1-AA23-0D91B51F0939}"
EndProject
Global
	GlobalSection(SolutionConfigurationPlatforms) = preSolution
		Debug|Any CPU = Debug|Any CPU
		Release|Any CPU = Release|Any CPU
	EndGlobalSection
	GlobalSection(ProjectConfigurationPlatforms) = postSolution
		{7F8B54CB-1958-40A1-AA23-0D91B51F0939}.Debug|Any CPU.ActiveCfg = Debug|Any CPU
		{7F8B54CB-1958-40A1-AA23-0D91B51F0939}.Debug|Any CPU.Build.0 = Debug|Any CPU
		{7F8B54CB-1958-40A1-AA23-0D91B51F0939}.Release|Any CPU.ActiveCfg = Release|Any CPU
		{7F8B54CB-1958-40A1-AA23-0D91B51F0939}.Release|Any CPU.Build.0 = Release|Any CPU
	EndGlobalSection
	GlobalSection(SolutionProperties) = preSolution
		HideSolutionNode = FALSE
	EndGlobalSection
	GlobalSection(ExtensibilityGlobals) = postSolution
		SolutionGuid = {48AB28FC-B942-470A-A686-BF9445B3A72F}
	EndGlobalSection
EndGlobal
